
Microsoft Visual Studio Solution File, Format Version 12.00
# Visual Studio Version 17
VisualStudioVersion = 17.8.34330.188
MinimumVisualStudioVersion = 10.0.40219.1
Project("{9A19103F-16F7-4668-BE54-9A1E7A4F7556}") = "BusinessLogicLayer", "BusinessLogicLayer\BusinessLogicLayer.csproj", "{DA28103E-6E7D-4855-891D-47D4DCBAE62D}"
EndProject
Project("{9A19103F-16F7-4668-BE54-9A1E7A4F7556}") = "DataAccessLayer", "DataAccessLayer\DataAccessLayer.csproj", "{7307E181-9ED6-4F60-9099-DF7BA2103D54}"
EndProject
Project("{9A19103F-16F7-4668-BE54-9A1E7A4F7556}") = "PresentationLayer", "PresentationLayer\PresentationLayer.csproj", "{1F25D82B-5EC5-4D47-AD50-312464EB977F}"
EndProject
Project("{9A19103F-16F7-4668-BE54-9A1E7A4F7556}") = "Tests", "Tests\Tests.csproj", "{9D3AA205-7995-4A49-884C-7A2E7637BBE6}"
EndProject
Global
	GlobalSection(SolutionConfigurationPlatforms) = preSolution
		Debug|Any CPU = Debug|Any CPU
		Release|Any CPU = Release|Any CPU
	EndGlobalSection
	GlobalSection(ProjectConfigurationPlatforms) = postSolution
		{DA28103E-6E7D-4855-891D-47D4DCBAE62D}.Debug|Any CPU.ActiveCfg = Debug|Any CPU
		{DA28103E-6E7D-4855-891D-47D4DCBAE62D}.Debug|Any CPU.Build.0 = Debug|Any CPU
		{DA28103E-6E7D-4855-891D-47D4DCBAE62D}.Release|Any CPU.ActiveCfg = Release|Any CPU
		{DA28103E-6E7D-4855-891D-47D4DCBAE62D}.Release|Any CPU.Build.0 = Release|Any CPU
		{7307E181-9ED6-4F60-9099-DF7BA2103D54}.Debug|Any CPU.ActiveCfg = Debug|Any CPU
		{7307E181-9ED6-4F60-9099-DF7BA2103D54}.Debug|Any CPU.Build.0 = Debug|Any CPU
		{7307E181-9ED6-4F60-9099-DF7BA2103D54}.Release|Any CPU.ActiveCfg = Release|Any CPU
		{7307E181-9ED6-4F60-9099-DF7BA2103D54}.Release|Any CPU.Build.0 = Release|Any CPU
		{1F25D82B-5EC5-4D47-AD50-312464EB977F}.Debug|Any CPU.ActiveCfg = Debug|Any CPU
		{1F25D82B-5EC5-4D47-AD50-312464EB977F}.Debug|Any CPU.Build.0 = Debug|Any CPU
		{1F25D82B-5EC5-4D47-AD50-312464EB977F}.Release|Any CPU.ActiveCfg = Release|Any CPU
		{1F25D82B-5EC5-4D47-AD50-312464EB977F}.Release|Any CPU.Build.0 = Release|Any CPU
		{9D3AA205-7995-4A49-884C-7A2E7637BBE6}.Debug|Any CPU.ActiveCfg = Debug|Any CPU
		{9D3AA205-7995-4A49-884C-7A2E7637BBE6}.Debug|Any CPU.Build.0 = Debug|Any CPU
		{9D3AA205-7995-4A49-884C-7A2E7637BBE6}.Release|Any CPU.ActiveCfg = Release|Any CPU
		{9D3AA205-7995-4A49-884C-7A2E7637BBE6}.Release|Any CPU.Build.0 = Release|Any CPU
	EndGlobalSection
	GlobalSection(SolutionProperties) = preSolution
		HideSolutionNode = FALSE
	EndGlobalSection
	GlobalSection(ExtensibilityGlobals) = postSolution
		SolutionGuid = {A0F41013-181E-41F3-96ED-D25842821BE3}
	EndGlobalSection
EndGlobal
